
Microsoft Visual Studio Solution File, Format Version 12.00
# Visual Studio Version 17
VisualStudioVersion = 17.3.32922.545
MinimumVisualStudioVersion = 10.0.40219.1
Project("{FAE04EC0-301F-11D3-BF4B-00C04F79EFBC}") = "CustomStackConsole", "CustomStackConsole\CustomStackConsole.csproj", "{7FACD0DA-2428-47B0-8A49-CC25A4A68D06}"
EndProject
Project("{FAE04EC0-301F-11D3-BF4B-00C04F79EFBC}") = "CustomStack", "CustomStack\CustomStack.csproj", "{54B4AFF7-5531-4482-A018-11F1A2735047}"
EndProject
Global
	GlobalSection(SolutionConfigurationPlatforms) = preSolution
		Debug|Any CPU = Debug|Any CPU
		Release|Any CPU = Release|Any CPU
	EndGlobalSection
	GlobalSection(ProjectConfigurationPlatforms) = postSolution
		{7FACD0DA-2428-47B0-8A49-CC25A4A68D06}.Debug|Any CPU.ActiveCfg = Debug|Any CPU
		{7FACD0DA-2428-47B0-8A49-CC25A4A68D06}.Debug|Any CPU.Build.0 = Debug|Any CPU
		{7FACD0DA-2428-47B0-8A49-CC25A4A68D06}.Release|Any CPU.ActiveCfg = Release|Any CPU
		{7FACD0DA-2428-47B0-8A49-CC25A4A68D06}.Release|Any CPU.Build.0 = Release|Any CPU
		{54B4AFF7-5531-4482-A018-11F1A2735047}.Debug|Any CPU.ActiveCfg = Debug|Any CPU
		{54B4AFF7-5531-4482-A018-11F1A2735047}.Debug|Any CPU.Build.0 = Debug|Any CPU
		{54B4AFF7-5531-4482-A018-11F1A2735047}.Release|Any CPU.ActiveCfg = Release|Any CPU
		{54B4AFF7-5531-4482-A018-11F1A2735047}.Release|Any CPU.Build.0 = Release|Any CPU
	EndGlobalSection
	GlobalSection(SolutionProperties) = preSolution
		HideSolutionNode = FALSE
	EndGlobalSection
	GlobalSection(ExtensibilityGlobals) = postSolution
		SolutionGuid = {C27B7F7E-86ED-49B2-87C0-5152271B059D}
	EndGlobalSection
EndGlobal
